
Microsoft Visual Studio Solution File, Format Version 12.00
# Visual Studio Version 17
VisualStudioVersion = 17.12.35707.178 d17.12
MinimumVisualStudioVersion = 10.0.40219.1
Project("{FAE04EC0-301F-11D3-BF4B-00C04F79EFBC}") = "NotesWaveAPI", "NotesWaveAPI\NotesWaveAPI.csproj", "{8077FAB3-599F-4A0A-AC7B-5C0DA35D8549}"
EndProject
Project("{2150E333-8FDC-42A3-9474-1A3956D46DE8}") = "Data", "Data", "{E703F330-C321-4FA2-987C-433C5CB5C862}"
EndProject
Project("{2150E333-8FDC-42A3-9474-1A3956D46DE8}") = "Models", "Models", "{AA332625-D866-42A5-A047-03BAF0FD5F1A}"
EndProject
Project("{FAE04EC0-301F-11D3-BF4B-00C04F79EFBC}") = "NotesWave.Data.Models", "NotesWave.Data.Models\NotesWave.Data.Models.csproj", "{82B2CC9F-DC6B-4B4E-8CC6-42F5F7262EE8}"
EndProject
Global
	GlobalSection(SolutionConfigurationPlatforms) = preSolution
		Debug|Any CPU = Debug|Any CPU
		Release|Any CPU = Release|Any CPU
	EndGlobalSection
	GlobalSection(ProjectConfigurationPlatforms) = postSolution
		{8077FAB3-599F-4A0A-AC7B-5C0DA35D8549}.Debug|Any CPU.ActiveCfg = Debug|Any CPU
		{8077FAB3-599F-4A0A-AC7B-5C0DA35D8549}.Debug|Any CPU.Build.0 = Debug|Any CPU
		{8077FAB3-599F-4A0A-AC7B-5C0DA35D8549}.Release|Any CPU.ActiveCfg = Release|Any CPU
		{8077FAB3-599F-4A0A-AC7B-5C0DA35D8549}.Release|Any CPU.Build.0 = Release|Any CPU
		{82B2CC9F-DC6B-4B4E-8CC6-42F5F7262EE8}.Debug|Any CPU.ActiveCfg = Debug|Any CPU
		{82B2CC9F-DC6B-4B4E-8CC6-42F5F7262EE8}.Debug|Any CPU.Build.0 = Debug|Any CPU
		{82B2CC9F-DC6B-4B4E-8CC6-42F5F7262EE8}.Release|Any CPU.ActiveCfg = Release|Any CPU
		{82B2CC9F-DC6B-4B4E-8CC6-42F5F7262EE8}.Release|Any CPU.Build.0 = Release|Any CPU
	EndGlobalSection
	GlobalSection(SolutionProperties) = preSolution
		HideSolutionNode = FALSE
	EndGlobalSection
	GlobalSection(NestedProjects) = preSolution
		{AA332625-D866-42A5-A047-03BAF0FD5F1A} = {E703F330-C321-4FA2-987C-433C5CB5C862}
		{82B2CC9F-DC6B-4B4E-8CC6-42F5F7262EE8} = {AA332625-D866-42A5-A047-03BAF0FD5F1A}
	EndGlobalSection
EndGlobal
